
Microsoft Visual Studio Solution File, Format Version 10.00
# Visual C++ Express 2008
Project("{8BC9CEB8-8B4A-11D0-8D11-00A0C91BC942}") = "sdl_thomas", "sdl_thomas.vcproj", "{17155CCC-B533-4AAD-97FC-38FD3D19A634}"
EndProject
Global
	GlobalSection(SolutionConfigurationPlatforms) = preSolution
		Debug|Win32 = Debug|Win32
		Release|Win32 = Release|Win32
	EndGlobalSection
	GlobalSection(ProjectConfigurationPlatforms) = postSolution
		{17155CCC-B533-4AAD-97FC-38FD3D19A634}.Debug|Win32.ActiveCfg = Debug|Win32
		{17155CCC-B533-4AAD-97FC-38FD3D19A634}.Debug|Win32.Build.0 = Debug|Win32
		{17155CCC-B533-4AAD-97FC-38FD3D19A634}.Release|Win32.ActiveCfg = Release|Win32
		{17155CCC-B533-4AAD-97FC-38FD3D19A634}.Release|Win32.Build.0 = Release|Win32
	EndGlobalSection
	GlobalSection(SolutionProperties) = preSolution
		HideSolutionNode = FALSE
	EndGlobalSection
EndGlobal
